{
 "name": "ngx-gaia-gis",
 "version": "1.1.0",
 "lockfileVersion": 3,
 "requires": true,
 "packages": {
  "": {
   "name": "ngx-gaia-gis",
   "version": "1.1.0",
   "license": "AGPL-3.0-only",
   "dependencies": {
    "tslib": "^2.3.0"
   },
   "engines": {
    "node": ">=14.0.0",
    "npm": ">=6.0.0"
   },
   "peerDependencies": {
    "@angular/common": "^19.0.1",
    "@angular/core": "^19.0.1",
    "geotiff": "^2.1.3",
    "jspdf": "^2.5.2",
    "ol": "^10.3.0",
    "ol-hashed": "^2.1.0"
   }
  },
  "node_modules/@angular/common": {
   "version": "19.0.3",
   "resolved": "https://registry.npmjs.org/@angular/common/-/common-19.0.3.tgz",
   "integrity": "sha512-YyBVZU+LQ38R+/U5vF/b1T3muROKpR0kkupMw7VKnGhQfgrRX5Dk3H2nr9ritt0zPc7TOUuQSlHMf3QWah2GDg==",
   "license": "MIT",
   "peer": true,
   "dependencies": {
    "tslib": "^2.3.0"
   },
   "engines": {
    "node": "^18.19.1 || ^20.11.1 || >=22.0.0"
   },
   "peerDependencies": {
    "@angular/core": "19.0.3",
    "rxjs": "^6.5.3 || ^7.4.0"
   }
  },
  "node_modules/@angular/core": {
   "version": "19.0.3",
   "resolved": "https://registry.npmjs.org/@angular/core/-/core-19.0.3.tgz",
   "integrity": "sha512-WM844gDzrbHtcM2TJB9DmfCmenUYyNSI6h924CeppDW5oG8ShinQGiWNjF5oI6EZ4tG60uK3QvCm3kjr1dmbOA==",
   "license": "MIT",
   "peer": true,
   "dependencies": {
    "tslib": "^2.3.0"
   },
   "engines": {
    "node": "^18.19.1 || ^20.11.1 || >=22.0.0"
   },
   "peerDependencies": {
    "rxjs": "^6.5.3 || ^7.4.0",
    "zone.js": "~0.15.0"
   }
  },
  "node_modules/@babel/runtime": {
   "version": "7.27.0",
   "resolved": "https://registry.npmjs.org/@babel/runtime/-/runtime-7.27.0.tgz",
   "integrity": "sha512-VtPOkrdPHZsKc/clNqyi9WUA8TINkZ4cGk63UUE3u4pmB2k+ZMQRDuIOagv8UVd6j7k0T3+RRIb7beKTebNbcw==",
   "license": "MIT",
   "peer": true,
   "dependencies": {
    "regenerator-runtime": "^0.14.0"
   },
   "engines": {
    "node": ">=6.9.0"
   }
  },
  "node_modules/@petamoriken/float16": {
   "version": "3.8.7",
   "resolved": "https://registry.npmjs.org/@petamoriken/float16/-/float16-3.8.7.tgz",
   "integrity": "sha512-/Ri4xDDpe12NT6Ex/DRgHzLlobiQXEW/hmG08w1wj/YU7hLemk97c+zHQFp0iZQ9r7YqgLEXZR2sls4HxBf9NA==",
   "license": "MIT",
   "peer": true
  },
  "node_modules/@types/raf": {
   "version": "3.4.3",
   "resolved": "https://registry.npmjs.org/@types/raf/-/raf-3.4.3.tgz",
   "integrity": "sha512-c4YAvMedbPZ5tEyxzQdMoOhhJ4RD3rngZIdwC2/qDN3d7JpEhB6fiBRKVY1lg5B7Wk+uPBjn5f39j1/2MY1oOw==",
   "license": "MIT",
   "optional": true,
   "peer": true
  },
  "node_modules/@types/rbush": {
   "version": "4.0.0",
   "resolved": "https://registry.npmjs.org/@types/rbush/-/rbush-4.0.0.tgz",
   "integrity": "sha512-+N+2H39P8X+Hy1I5mC6awlTX54k3FhiUmvt7HWzGJZvF+syUAAxP/stwppS8JE84YHqFgRMv6fCy31202CMFxQ==",
   "license": "MIT",
   "peer": true
  },
  "node_modules/atob": {
   "version": "2.1.2",
   "resolved": "https://registry.npmjs.org/atob/-/atob-2.1.2.tgz",
   "integrity": "sha512-Wm6ukoaOGJi/73p/cl2GvLjTI5JM1k/O14isD73YML8StrH/7/lRFgmg8nICZgD3bZZvjwCGxtMOD3wWNAu8cg==",
   "license": "(MIT OR Apache-2.0)",
   "peer": true,
   "bin": {
    "atob": "bin/atob.js"
   },
   "engines": {
    "node": ">= 4.5.0"
   }
  },
  "node_modules/base64-arraybuffer": {
   "version": "1.0.2",
   "resolved": "https://registry.npmjs.org/base64-arraybuffer/-/base64-arraybuffer-1.0.2.tgz",
   "integrity": "sha512-I3yl4r9QB5ZRY3XuJVEPfc2XhZO6YweFPI+UovAzn+8/hb3oJ6lnysaFcjVpkCPfVWFUDvoZ8kmVDP7WyRtYtQ==",
   "license": "MIT",
   "optional": true,
   "peer": true,
   "engines": {
    "node": ">= 0.6.0"
   }
  },
  "node_modules/btoa": {
   "version": "1.2.1",
   "resolved": "https://registry.npmjs.org/btoa/-/btoa-1.2.1.tgz",
   "integrity": "sha512-SB4/MIGlsiVkMcHmT+pSmIPoNDoHg+7cMzmt3Uxt628MTz2487DKSqK/fuhFBrkuqrYv5UCEnACpF4dTFNKc/g==",
   "license": "(MIT OR Apache-2.0)",
   "peer": true,
   "bin": {
    "btoa": "bin/btoa.js"
   },
   "engines": {
    "node": ">= 0.4.0"
   }
  },
  "node_modules/canvg": {
   "version": "3.0.11",
   "resolved": "https://registry.npmjs.org/canvg/-/canvg-3.0.11.tgz",
   "integrity": "sha512-5ON+q7jCTgMp9cjpu4Jo6XbvfYwSB2Ow3kzHKfIyJfaCAOHLbdKPQqGKgfED/R5B+3TFFfe8pegYA+b423SRyA==",
   "license": "MIT",
   "optional": true,
   "peer": true,
   "dependencies": {
    "@babel/runtime": "^7.12.5",
    "@types/raf": "^3.4.0",
    "core-js": "^3.8.3",
    "raf": "^3.4.1",
    "regenerator-runtime": "^0.13.7",
    "rgbcolor": "^1.0.1",
    "stackblur-canvas": "^2.0.0",
    "svg-pathdata": "^6.0.3"
   },
   "engines": {
    "node": ">=10.0.0"
   }
  },
  "node_modules/canvg/node_modules/regenerator-runtime": {
   "version": "0.13.11",
   "resolved": "https://registry.npmjs.org/regenerator-runtime/-/regenerator-runtime-0.13.11.tgz",
   "integrity": "sha512-kY1AZVr2Ra+t+piVaJ4gxaFaReZVH40AKNo7UCX6W+dEwBo/2oZJzqfuN1qLq1oL45o56cPaTXELwrTh8Fpggg==",
   "license": "MIT",
   "optional": true,
   "peer": true
  },
  "node_modules/color-name": {
   "version": "2.0.0",
   "resolved": "https://registry.npmjs.org/color-name/-/color-name-2.0.0.tgz",
   "integrity": "sha512-SbtvAMWvASO5TE2QP07jHBMXKafgdZz8Vrsrn96fiL+O92/FN/PLARzUW5sKt013fjAprK2d2iCn2hk2Xb5oow==",
   "license": "MIT",
   "peer": true,
   "engines": {
    "node": ">=12.20"
   }
  },
  "node_modules/color-parse": {
   "version": "2.0.2",
   "resolved": "https://registry.npmjs.org/color-parse/-/color-parse-2.0.2.tgz",
   "integrity": "sha512-eCtOz5w5ttWIUcaKLiktF+DxZO1R9KLNY/xhbV6CkhM7sR3GhVghmt6X6yOnzeaM24po+Z9/S1apbXMwA3Iepw==",
   "license": "MIT",
   "peer": true,
   "dependencies": {
    "color-name": "^2.0.0"
   }
  },
  "node_modules/color-rgba": {
   "version": "3.0.0",
   "resolved": "https://registry.npmjs.org/color-rgba/-/color-rgba-3.0.0.tgz",
   "integrity": "sha512-PPwZYkEY3M2THEHHV6Y95sGUie77S7X8v+h1r6LSAPF3/LL2xJ8duUXSrkic31Nzc4odPwHgUbiX/XuTYzQHQg==",
   "license": "MIT",
   "peer": true,
   "dependencies": {
    "color-parse": "^2.0.0",
    "color-space": "^2.0.0"
   }
  },
  "node_modules/color-space": {
   "version": "2.0.1",
   "resolved": "https://registry.npmjs.org/color-space/-/color-space-2.0.1.tgz",
   "integrity": "sha512-nKqUYlo0vZATVOFHY810BSYjmCARrG7e5R3UE3CQlyjJTvv5kSSmPG1kzm/oDyyqjehM+lW1RnEt9It9GNa5JA==",
   "license": "MIT",
   "peer": true
  },
  "node_modules/core-js": {
   "version": "3.39.0",
   "resolved": "https://registry.npmjs.org/core-js/-/core-js-3.39.0.tgz",
   "integrity": "sha512-raM0ew0/jJUqkJ0E6e8UDtl+y/7ktFivgWvqw8dNSQeNWoSDLvQ1H/RN3aPXB9tBd4/FhyR4RDPGhsNIMsAn7g==",
   "hasInstallScript": true,
   "license": "MIT",
   "optional": true,
   "peer": true,
   "funding": {
    "type": "opencollective",
    "url": "https://opencollective.com/core-js"
   }
  },
  "node_modules/css-line-break": {
   "version": "2.1.0",
   "resolved": "https://registry.npmjs.org/css-line-break/-/css-line-break-2.1.0.tgz",
   "integrity": "sha512-FHcKFCZcAha3LwfVBhCQbW2nCNbkZXn7KVUJcsT5/P8YmfsVja0FMPJr0B903j/E69HUphKiV9iQArX8SDYA4w==",
   "license": "MIT",
   "optional": true,
   "peer": true,
   "dependencies": {
    "utrie": "^1.0.2"
   }
  },
  "node_modules/dompurify": {
   "version": "2.5.7",
   "resolved": "https://registry.npmjs.org/dompurify/-/dompurify-2.5.7.tgz",
   "integrity": "sha512-2q4bEI+coQM8f5ez7kt2xclg1XsecaV9ASJk/54vwlfRRNQfDqJz2pzQ8t0Ix/ToBpXlVjrRIx7pFC/o8itG2Q==",
   "license": "(MPL-2.0 OR Apache-2.0)",
   "optional": true,
   "peer": true
  },
  "node_modules/earcut": {
   "version": "3.0.0",
   "resolved": "https://registry.npmjs.org/earcut/-/earcut-3.0.0.tgz",
   "integrity": "sha512-41Fs7Q/PLq1SDbqjsgcY7GA42T0jvaCNGXgGtsNdvg+Yv8eIu06bxv4/PoREkZ9nMDNwnUSG9OFB9+yv8eKhDg==",
   "license": "ISC",
   "peer": true
  },
  "node_modules/fflate": {
   "version": "0.8.2",
   "resolved": "https://registry.npmjs.org/fflate/-/fflate-0.8.2.tgz",
   "integrity": "sha512-cPJU47OaAoCbg0pBvzsgpTPhmhqI5eJjh/JIu8tPj5q+T7iLvW/JAYUqmE7KOB4R1ZyEhzBaIQpQpardBF5z8A==",
   "license": "MIT",
   "peer": true
  },
  "node_modules/geotiff": {
   "version": "2.1.3",
   "resolved": "https://registry.npmjs.org/geotiff/-/geotiff-2.1.3.tgz",
   "integrity": "sha512-PT6uoF5a1+kbC3tHmZSUsLHBp2QJlHasxxxxPW47QIY1VBKpFB+FcDvX+MxER6UzgLQZ0xDzJ9s48B9JbOCTqA==",
   "license": "MIT",
   "peer": true,
   "dependencies": {
    "@petamoriken/float16": "^3.4.7",
    "lerc": "^3.0.0",
    "pako": "^2.0.4",
    "parse-headers": "^2.0.2",
    "quick-lru": "^6.1.1",
    "web-worker": "^1.2.0",
    "xml-utils": "^1.0.2",
    "zstddec": "^0.1.0"
   },
   "engines": {
    "node": ">=10.19"
   }
  },
  "node_modules/hashed": {
   "version": "5.1.0",
   "resolved": "https://registry.npmjs.org/hashed/-/hashed-5.1.0.tgz",
   "integrity": "sha512-Nl6+8j+hI/gvhMXkpZ934GKqXX53NjVM5H999Id8aQWnrCSPhGg2F1A6C8JhsK+dBZdb8xWh7GiT8aMWzv9OrQ==",
   "license": "MIT",
   "peer": true,
   "dependencies": {
    "isa.js": "^2.2.16"
   }
  },
  "node_modules/html2canvas": {
   "version": "1.4.1",
   "resolved": "https://registry.npmjs.org/html2canvas/-/html2canvas-1.4.1.tgz",
   "integrity": "sha512-fPU6BHNpsyIhr8yyMpTLLxAbkaK8ArIBcmZIRiBLiDhjeqvXolaEmDGmELFuX9I4xDcaKKcJl+TKZLqruBbmWA==",
   "license": "MIT",
   "optional": true,
   "peer": true,
   "dependencies": {
    "css-line-break": "^2.1.0",
    "text-segmentation": "^1.0.3"
   },
   "engines": {
    "node": ">=8.0.0"
   }
  },
  "node_modules/isa.js": {
   "version": "2.2.18",
   "resolved": "https://registry.npmjs.org/isa.js/-/isa.js-2.2.18.tgz",
   "integrity": "sha512-CiUOQK3Us89J8laTYN8nQGqjuVW+IbHcXjDRTux5a12YdHCG/oEKyZI6ekZvxuRs2w5a763xOd3Q8JnaE1f4og==",
   "license": "MIT",
   "peer": true,
   "engines": {
    "node": ">= 4.0.0"
   }
  },
  "node_modules/jspdf": {
   "version": "2.5.2",
   "resolved": "https://registry.npmjs.org/jspdf/-/jspdf-2.5.2.tgz",
   "integrity": "sha512-myeX9c+p7znDWPk0eTrujCzNjT+CXdXyk7YmJq5nD5V7uLLKmSXnlQ/Jn/kuo3X09Op70Apm0rQSnFWyGK8uEQ==",
   "license": "MIT",
   "peer": true,
   "dependencies": {
    "@babel/runtime": "^7.23.2",
    "atob": "^2.1.2",
    "btoa": "^1.2.1",
    "fflate": "^0.8.1"
   },
   "optionalDependencies": {
    "canvg": "^3.0.6",
    "core-js": "^3.6.0",
    "dompurify": "^2.5.4",
    "html2canvas": "^1.0.0-rc.5"
   }
  },
  "node_modules/lerc": {
   "version": "3.0.0",
   "resolved": "https://registry.npmjs.org/lerc/-/lerc-3.0.0.tgz",
   "integrity": "sha512-Rm4J/WaHhRa93nCN2mwWDZFoRVF18G1f47C+kvQWyHGEZxFpTUi73p7lMVSAndyxGt6lJ2/CFbOcf9ra5p8aww==",
   "license": "Apache-2.0",
   "peer": true
  },
  "node_modules/ol": {
   "version": "10.3.0",
   "resolved": "https://registry.npmjs.org/ol/-/ol-10.3.0.tgz",
   "integrity": "sha512-7cq3jdAPQq5d0OZfKH80wl15LyzWk0aqz1TPYUa2+0c+3MkIDND2JxM/ed9xhoA8Ds0CNxj9aRk9vFztxmxmjw==",
   "license": "BSD-2-Clause",
   "peer": true,
   "dependencies": {
    "@types/rbush": "4.0.0",
    "color-rgba": "^3.0.0",
    "color-space": "^2.0.1",
    "earcut": "^3.0.0",
    "geotiff": "^2.1.3",
    "pbf": "4.0.1",
    "rbush": "^4.0.0"
   },
   "funding": {
    "type": "opencollective",
    "url": "https://opencollective.com/openlayers"
   }
  },
  "node_modules/ol-hashed": {
   "version": "2.1.0",
   "resolved": "https://registry.npmjs.org/ol-hashed/-/ol-hashed-2.1.0.tgz",
   "integrity": "sha512-k4muvbI3wFhCHg3ZJRY01FyqeJ5zVFZ6fTOuj/3DKgks0gieSk0ZOMnPdc5Izh8VMXBsbJ9DxSSlF2VOszD40A==",
   "license": "MIT",
   "peer": true,
   "dependencies": {
    "hashed": "*"
   }
  },
  "node_modules/pako": {
   "version": "2.1.0",
   "resolved": "https://registry.npmjs.org/pako/-/pako-2.1.0.tgz",
   "integrity": "sha512-w+eufiZ1WuJYgPXbV/PO3NCMEc3xqylkKHzp8bxp1uW4qaSNQUkwmLLEc3kKsfz8lpV1F8Ht3U1Cm+9Srog2ug==",
   "license": "(MIT AND Zlib)",
   "peer": true
  },
  "node_modules/parse-headers": {
   "version": "2.0.5",
   "resolved": "https://registry.npmjs.org/parse-headers/-/parse-headers-2.0.5.tgz",
   "integrity": "sha512-ft3iAoLOB/MlwbNXgzy43SWGP6sQki2jQvAyBg/zDFAgr9bfNWZIUj42Kw2eJIl8kEi4PbgE6U1Zau/HwI75HA==",
   "license": "MIT",
   "peer": true
  },
  "node_modules/pbf": {
   "version": "4.0.1",
   "resolved": "https://registry.npmjs.org/pbf/-/pbf-4.0.1.tgz",
   "integrity": "sha512-SuLdBvS42z33m8ejRbInMapQe8n0D3vN/Xd5fmWM3tufNgRQFBpaW2YVJxQZV4iPNqb0vEFvssMEo5w9c6BTIA==",
   "license": "BSD-3-Clause",
   "peer": true,
   "dependencies": {
    "resolve-protobuf-schema": "^2.1.0"
   },
   "bin": {
    "pbf": "bin/pbf"
   }
  },
  "node_modules/performance-now": {
   "version": "2.1.0",
   "resolved": "https://registry.npmjs.org/performance-now/-/performance-now-2.1.0.tgz",
   "integrity": "sha512-7EAHlyLHI56VEIdK57uwHdHKIaAGbnXPiw0yWbarQZOKaKpvUIgW0jWRVLiatnM+XXlSwsanIBH/hzGMJulMow==",
   "license": "MIT",
   "optional": true,
   "peer": true
  },
  "node_modules/protocol-buffers-schema": {
   "version": "3.6.0",
   "resolved": "https://registry.npmjs.org/protocol-buffers-schema/-/protocol-buffers-schema-3.6.0.tgz",
   "integrity": "sha512-TdDRD+/QNdrCGCE7v8340QyuXd4kIWIgapsE2+n/SaGiSSbomYl4TjHlvIoCWRpE7wFt02EpB35VVA2ImcBVqw==",
   "license": "MIT",
   "peer": true
  },
  "node_modules/quick-lru": {
   "version": "6.1.2",
   "resolved": "https://registry.npmjs.org/quick-lru/-/quick-lru-6.1.2.tgz",
   "integrity": "sha512-AAFUA5O1d83pIHEhJwWCq/RQcRukCkn/NSm2QsTEMle5f2hP0ChI2+3Xb051PZCkLryI/Ir1MVKviT2FIloaTQ==",
   "license": "MIT",
   "peer": true,
   "engines": {
    "node": ">=12"
   },
   "funding": {
    "url": "https://github.com/sponsors/sindresorhus"
   }
  },
  "node_modules/quickselect": {
   "version": "3.0.0",
   "resolved": "https://registry.npmjs.org/quickselect/-/quickselect-3.0.0.tgz",
   "integrity": "sha512-XdjUArbK4Bm5fLLvlm5KpTFOiOThgfWWI4axAZDWg4E/0mKdZyI9tNEfds27qCi1ze/vwTR16kvmmGhRra3c2g==",
   "license": "ISC",
   "peer": true
  },
  "node_modules/raf": {
   "version": "3.4.1",
   "resolved": "https://registry.npmjs.org/raf/-/raf-3.4.1.tgz",
   "integrity": "sha512-Sq4CW4QhwOHE8ucn6J34MqtZCeWFP2aQSmrlroYgqAV1PjStIhJXxYuTgUIfkEk7zTLjmIjLmU5q+fbD1NnOJA==",
   "license": "MIT",
   "optional": true,
   "peer": true,
   "dependencies": {
    "performance-now": "^2.1.0"
   }
  },
  "node_modules/rbush": {
   "version": "4.0.1",
   "resolved": "https://registry.npmjs.org/rbush/-/rbush-4.0.1.tgz",
   "integrity": "sha512-IP0UpfeWQujYC8Jg162rMNc01Rf0gWMMAb2Uxus/Q0qOFw4lCcq6ZnQEZwUoJqWyUGJ9th7JjwI4yIWo+uvoAQ==",
   "license": "MIT",
   "peer": true,
   "dependencies": {
    "quickselect": "^3.0.0"
   }
  },
  "node_modules/regenerator-runtime": {
   "version": "0.14.1",
   "resolved": "https://registry.npmjs.org/regenerator-runtime/-/regenerator-runtime-0.14.1.tgz",
   "integrity": "sha512-dYnhHh0nJoMfnkZs6GmmhFknAGRrLznOu5nc9ML+EJxGvrx6H7teuevqVqCuPcPK//3eDrrjQhehXVx9cnkGdw==",
   "license": "MIT",
   "peer": true
  },
  "node_modules/resolve-protobuf-schema": {
   "version": "2.1.0",
   "resolved": "https://registry.npmjs.org/resolve-protobuf-schema/-/resolve-protobuf-schema-2.1.0.tgz",
   "integrity": "sha512-kI5ffTiZWmJaS/huM8wZfEMer1eRd7oJQhDuxeCLe3t7N7mX3z94CN0xPxBQxFYQTSNz9T0i+v6inKqSdK8xrQ==",
   "license": "MIT",
   "peer": true,
   "dependencies": {
    "protocol-buffers-schema": "^3.3.1"
   }
  },
  "node_modules/rgbcolor": {
   "version": "1.0.1",
   "resolved": "https://registry.npmjs.org/rgbcolor/-/rgbcolor-1.0.1.tgz",
   "integrity": "sha512-9aZLIrhRaD97sgVhtJOW6ckOEh6/GnvQtdVNfdZ6s67+3/XwLS9lBcQYzEEhYVeUowN7pRzMLsyGhK2i/xvWbw==",
   "license": "MIT OR SEE LICENSE IN FEEL-FREE.md",
   "optional": true,
   "peer": true,
   "engines": {
    "node": ">= 0.8.15"
   }
  },
  "node_modules/rxjs": {
   "version": "7.8.1",
   "resolved": "https://registry.npmjs.org/rxjs/-/rxjs-7.8.1.tgz",
   "integrity": "sha512-AA3TVj+0A2iuIoQkWEK/tqFjBq2j+6PO6Y0zJcvzLAFhEFIO3HL0vls9hWLncZbAAbK0mar7oZ4V079I/qPMxg==",
   "license": "Apache-2.0",
   "peer": true,
   "dependencies": {
    "tslib": "^2.1.0"
   }
  },
  "node_modules/stackblur-canvas": {
   "version": "2.7.0",
   "resolved": "https://registry.npmjs.org/stackblur-canvas/-/stackblur-canvas-2.7.0.tgz",
   "integrity": "sha512-yf7OENo23AGJhBriGx0QivY5JP6Y1HbrrDI6WLt6C5auYZXlQrheoY8hD4ibekFKz1HOfE48Ww8kMWMnJD/zcQ==",
   "license": "MIT",
   "optional": true,
   "peer": true,
   "engines": {
    "node": ">=0.1.14"
   }
  },
  "node_modules/svg-pathdata": {
   "version": "6.0.3",
   "resolved": "https://registry.npmjs.org/svg-pathdata/-/svg-pathdata-6.0.3.tgz",
   "integrity": "sha512-qsjeeq5YjBZ5eMdFuUa4ZosMLxgr5RZ+F+Y1OrDhuOCEInRMA3x74XdBtggJcj9kOeInz0WE+LgCPDkZFlBYJw==",
   "license": "MIT",
   "optional": true,
   "peer": true,
   "engines": {
    "node": ">=12.0.0"
   }
  },
  "node_modules/text-segmentation": {
   "version": "1.0.3",
   "resolved": "https://registry.npmjs.org/text-segmentation/-/text-segmentation-1.0.3.tgz",
   "integrity": "sha512-iOiPUo/BGnZ6+54OsWxZidGCsdU8YbE4PSpdPinp7DeMtUJNJBoJ/ouUSTJjHkh1KntHaltHl/gDs2FC4i5+Nw==",
   "license": "MIT",
   "optional": true,
   "peer": true,
   "dependencies": {
    "utrie": "^1.0.2"
   }
  },
  "node_modules/tslib": {
   "version": "2.8.1",
   "resolved": "https://registry.npmjs.org/tslib/-/tslib-2.8.1.tgz",
   "integrity": "sha512-oJFu94HQb+KVduSUQL7wnpmqnfmLsOA/nAh6b6EH0wCEoK0/mPeXU6c3wKDV83MkOuHPRHtSXKKU99IBazS/2w==",
   "license": "0BSD"
  },
  "node_modules/utrie": {
   "version": "1.0.2",
   "resolved": "https://registry.npmjs.org/utrie/-/utrie-1.0.2.tgz",
   "integrity": "sha512-1MLa5ouZiOmQzUbjbu9VmjLzn1QLXBhwpUa7kdLUQK+KQ5KA9I1vk5U4YHe/X2Ch7PYnJfWuWT+VbuxbGwljhw==",
   "license": "MIT",
   "optional": true,
   "peer": true,
   "dependencies": {
    "base64-arraybuffer": "^1.0.2"
   }
  },
  "node_modules/web-worker": {
   "version": "1.3.0",
   "resolved": "https://registry.npmjs.org/web-worker/-/web-worker-1.3.0.tgz",
   "integrity": "sha512-BSR9wyRsy/KOValMgd5kMyr3JzpdeoR9KVId8u5GVlTTAtNChlsE4yTxeY7zMdNSyOmoKBv8NH2qeRY9Tg+IaA==",
   "license": "Apache-2.0",
   "peer": true
  },
  "node_modules/xml-utils": {
   "version": "1.10.1",
   "resolved": "https://registry.npmjs.org/xml-utils/-/xml-utils-1.10.1.tgz",
   "integrity": "sha512-Dn6vJ1Z9v1tepSjvnCpwk5QqwIPcEFKdgnjqfYOABv1ngSofuAhtlugcUC3ehS1OHdgDWSG6C5mvj+Qm15udTQ==",
   "license": "CC0-1.0",
   "peer": true
  },
  "node_modules/zone.js": {
   "version": "0.15.0",
   "resolved": "https://registry.npmjs.org/zone.js/-/zone.js-0.15.0.tgz",
   "integrity": "sha512-9oxn0IIjbCZkJ67L+LkhYWRyAy7axphb3VgE2MBDlOqnmHMPWGYMxJxBYFueFq/JGY2GMwS0rU+UCLunEmy5UA==",
   "license": "MIT",
   "peer": true
  },
  "node_modules/zstddec": {
   "version": "0.1.0",
   "resolved": "https://registry.npmjs.org/zstddec/-/zstddec-0.1.0.tgz",
   "integrity": "sha512-w2NTI8+3l3eeltKAdK8QpiLo/flRAr2p8AGeakfMZOXBxOg9HIu4LVDxBi81sYgVhFhdJjv1OrB5ssI8uFPoLg==",
   "license": "MIT AND BSD-3-Clause",
   "peer": true
  }
 }
}
